
Microsoft Visual Studio Solution File, Format Version 12.00
# Visual Studio Version 17
VisualStudioVersion = 17.6.33723.286
MinimumVisualStudioVersion = 10.0.40219.1
Project("{8BC9CEB8-8B4A-11D0-8D11-00A0C91BC942}") = "hw3d", "hw3d\hw3d.vcxproj", "{7327CF39-7431-4B0A-A027-AB76447A5AE3}"
EndProject
Global
	GlobalSection(SolutionConfigurationPlatforms) = preSolution
		Debug|x64 = Debug|x64
		Debug|x86 = Debug|x86
		Release|x64 = Release|x64
		Release|x86 = Release|x86
	EndGlobalSection
	GlobalSection(ProjectConfigurationPlatforms) = postSolution
		{7327CF39-7431-4B0A-A027-AB76447A5AE3}.Debug|x64.ActiveCfg = Debug|x64
		{7327CF39-7431-4B0A-A027-AB76447A5AE3}.Debug|x64.Build.0 = Debug|x64
		{7327CF39-7431-4B0A-A027-AB76447A5AE3}.Debug|x86.ActiveCfg = Debug|Win32
		{7327CF39-7431-4B0A-A027-AB76447A5AE3}.Debug|x86.Build.0 = Debug|Win32
		{7327CF39-7431-4B0A-A027-AB76447A5AE3}.Release|x64.ActiveCfg = Release|x64
		{7327CF39-7431-4B0A-A027-AB76447A5AE3}.Release|x64.Build.0 = Release|x64
		{7327CF39-7431-4B0A-A027-AB76447A5AE3}.Release|x86.ActiveCfg = Release|Win32
		{7327CF39-7431-4B0A-A027-AB76447A5AE3}.Release|x86.Build.0 = Release|Win32
	EndGlobalSection
	GlobalSection(SolutionProperties) = preSolution
		HideSolutionNode = FALSE
	EndGlobalSection
	GlobalSection(ExtensibilityGlobals) = postSolution
		SolutionGuid = {45B73A72-5029-4A07-B7CC-C35C9089DBD5}
	EndGlobalSection
EndGlobal
